// !$*UTF8*$!
{
	archiveVersion = 1;
	classes = {
	};
	objectVersion = 77;
	objects = {

/* Begin PBXContainerItemProxy section */
		DE8AC0622D919847008DC5EB /* PBXContainerItemProxy */ = {
			isa = PBXContainerItemProxy;
			containerPortal = DE8AC0432D919846008DC5EB /* Project object */;
			proxyType = 1;
			remoteGlobalIDString = DE8AC04A2D919846008DC5EB;
			remoteInfo = TranslateGame;
		};
		DE8AC06C2D919847008DC5EB /* PBXContainerItemProxy */ = {
			isa = PBXContainerItemProxy;
			containerPortal = DE8AC0432D919846008DC5EB /* Project object */;
			proxyType = 1;
			remoteGlobalIDString = DE8AC04A2D919846008DC5EB;
			remoteInfo = TranslateGame;
		};
/* End PBXContainerItemProxy section */

/* Begin PBXFileReference section */
		DE8AC04B2D919846008DC5EB /* TranslateGame.app */ = {isa = PBXFileReference; explicitFileType = wrapper.application; includeInIndex = 0; path = TranslateGame.app; sourceTree = BUILT_PRODUCTS_DIR; };
		DE8AC0612D919847008DC5EB /* TranslateGameTests.xctest */ = {isa = PBXFileReference; explicitFileType = wrapper.cfbundle; includeInIndex = 0; path = TranslateGameTests.xctest; sourceTree = BUILT_PRODUCTS_DIR; };
		DE8AC06B2D919847008DC5EB /* TranslateGameUITests.xctest */ = {isa = PBXFileReference; explicitFileType = wrapper.cfbundle; includeInIndex = 0; path = TranslateGameUITests.xctest; sourceTree = BUILT_PRODUCTS_DIR; };
/* End PBXFileReference section */

/* Begin PBXFileSystemSynchronizedBuildFileExceptionSet section */
		DE8AC0732D919847008DC5EB /* Exceptions for "TranslateGame" folder in "TranslateGame" target */ = {
			isa = PBXFileSystemSynchronizedBuildFileExceptionSet;
			membershipExceptions = (
				Info.plist,
			);
			target = DE8AC04A2D919846008DC5EB /* TranslateGame */;
		};
/* End PBXFileSystemSynchronizedBuildFileExceptionSet section */

/* Begin PBXFileSystemSynchronizedRootGroup section */
		DE8AC04D2D919846008DC5EB /* TranslateGame */ = {
			isa = PBXFileSystemSynchronizedRootGroup;
			exceptions = (
				DE8AC0732D919847008DC5EB /* Exceptions for "TranslateGame" folder in "TranslateGame" target */,
			);
			path = TranslateGame;
			sourceTree = "<group>";
		};
		DE8AC0642D919847008DC5EB /* TranslateGameTests */ = {
			isa = PBXFileSystemSynchronizedRootGroup;
			path = TranslateGameTests;
			sourceTree = "<group>";
		};
		DE8AC06E2D919847008DC5EB /* TranslateGameUITests */ = {
			isa = PBXFileSystemSynchronizedRootGroup;
			path = TranslateGameUITests;
			sourceTree = "<group>";
		};
/* End PBXFileSystemSynchronizedRootGroup section */

/* Begin PBXFrameworksBuildPhase section */
		DE8AC0482D919846008DC5EB /* Frameworks */ = {
			isa = PBXFrameworksBuildPhase;
			buildActionMask = 2147483647;
			files = (
			);
			runOnlyForDeploymentPostprocessing = 0;
		};
		DE8AC05E2D919847008DC5EB /* Frameworks */ = {
			isa = PBXFrameworksBuildPhase;
			buildActionMask = 2147483647;
			files = (
			);
			runOnlyForDeploymentPostprocessing = 0;
		};
		DE8AC0682D919847008DC5EB /* Frameworks */ = {
			isa = PBXFrameworksBuildPhase;
			buildActionMask = 2147483647;
			files = (
			);
			runOnlyForDeploymentPostprocessing = 0;
		};
/* End PBXFrameworksBuildPhase section */

/* Begin PBXGroup section */
		DE8AC0422D919846008DC5EB = {
			isa = PBXGroup;
			children = (
				DE8AC04D2D919846008DC5EB /* TranslateGame */,
				DE8AC0642D919847008DC5EB /* TranslateGameTests */,
				DE8AC06E2D919847008DC5EB /* TranslateGameUITests */,
				DE8AC04C2D919846008DC5EB /* Products */,
			);
			sourceTree = "<group>";
		};
		DE8AC04C2D919846008DC5EB /* Products */ = {
			isa = PBXGroup;
			children = (
				DE8AC04B2D919846008DC5EB /* TranslateGame.app */,
				DE8AC0612D919847008DC5EB /* TranslateGameTests.xctest */,
				DE8AC06B2D919847008DC5EB /* TranslateGameUITests.xctest */,
			);
			name = Products;
			sourceTree = "<group>";
		};
/* End PBXGroup section */

/* Begin PBXNativeTarget section */
		DE8AC04A2D919846008DC5EB /* TranslateGame */ = {
			isa = PBXNativeTarget;
			buildConfigurationList = DE8AC0742D919847008DC5EB /* Build configuration list for PBXNativeTarget "TranslateGame" */;
			buildPhases = (
				DE8AC0472D919846008DC5EB /* Sources */,
				DE8AC0482D919846008DC5EB /* Frameworks */,
				DE8AC0492D919846008DC5EB /* Resources */,
			);
			buildRules = (
			);
			dependencies = (
			);
			fileSystemSynchronizedGroups = (
				DE8AC04D2D919846008DC5EB /* TranslateGame */,
			);
			name = TranslateGame;
			packageProductDependencies = (
			);
			productName = TranslateGame;
			productReference = DE8AC04B2D919846008DC5EB /* TranslateGame.app */;
			productType = "com.apple.product-type.application";
		};
		DE8AC0602D919847008DC5EB /* TranslateGameTests */ = {
			isa = PBXNativeTarget;
			buildConfigurationList = DE8AC0792D919847008DC5EB /* Build configuration list for PBXNativeTarget "TranslateGameTests" */;
			buildPhases = (
				DE8AC05D2D919847008DC5EB /* Sources */,
				DE8AC05E2D919847008DC5EB /* Frameworks */,
				DE8AC05F2D919847008DC5EB /* Resources */,
			);
			buildRules = (
			);
			dependencies = (
				DE8AC0632D919847008DC5EB /* PBXTargetDependency */,
			);
			fileSystemSynchronizedGroups = (
				DE8AC0642D919847008DC5EB /* TranslateGameTests */,
			);
			name = TranslateGameTests;
			packageProductDependencies = (
			);
			productName = TranslateGameTests;
			productReference = DE8AC0612D919847008DC5EB /* TranslateGameTests.xctest */;
			productType = "com.apple.product-type.bundle.unit-test";
		};
		DE8AC06A2D919847008DC5EB /* TranslateGameUITests */ = {
			isa = PBXNativeTarget;
			buildConfigurationList = DE8AC07C2D919847008DC5EB /* Build configuration list for PBXNativeTarget "TranslateGameUITests" */;
			buildPhases = (
				DE8AC0672D919847008DC5EB /* Sources */,
				DE8AC0682D919847008DC5EB /* Frameworks */,
				DE8AC0692D919847008DC5EB /* Resources */,
			);
			buildRules = (
			);
			dependencies = (
				DE8AC06D2D919847008DC5EB /* PBXTargetDependency */,
			);
			fileSystemSynchronizedGroups = (
				DE8AC06E2D919847008DC5EB /* TranslateGameUITests */,
			);
			name = TranslateGameUITests;
			packageProductDependencies = (
			);
			productName = TranslateGameUITests;
			productReference = DE8AC06B2D919847008DC5EB /* TranslateGameUITests.xctest */;
			productType = "com.apple.product-type.bundle.ui-testing";
		};
/* End PBXNativeTarget section */

/* Begin PBXProject section */
		DE8AC0432D919846008DC5EB /* Project object */ = {
			isa = PBXProject;
			attributes = {
				BuildIndependentTargetsInParallel = 1;
				LastSwiftUpdateCheck = 1620;
				LastUpgradeCheck = 1620;
				TargetAttributes = {
					DE8AC04A2D919846008DC5EB = {
						CreatedOnToolsVersion = 16.2;
					};
					DE8AC0602D919847008DC5EB = {
						CreatedOnToolsVersion = 16.2;
						TestTargetID = DE8AC04A2D919846008DC5EB;
					};
					DE8AC06A2D919847008DC5EB = {
						CreatedOnToolsVersion = 16.2;
						TestTargetID = DE8AC04A2D919846008DC5EB;
					};
				};
			};
			buildConfigurationList = DE8AC0462D919846008DC5EB /* Build configuration list for PBXProject "TranslateGame" */;
			developmentRegion = en;
			hasScannedForEncodings = 0;
			knownRegions = (
				en,
				Base,
			);
			mainGroup = DE8AC0422D919846008DC5EB;
			minimizedProjectReferenceProxies = 1;
			preferredProjectObjectVersion = 77;
			productRefGroup = DE8AC04C2D919846008DC5EB /* Products */;
			projectDirPath = "";
			projectRoot = "";
			targets = (
				DE8AC04A2D919846008DC5EB /* TranslateGame */,
				DE8AC0602D919847008DC5EB /* TranslateGameTests */,
				DE8AC06A2D919847008DC5EB /* TranslateGameUITests */,
			);
		};
/* End PBXProject section */

/* Begin PBXResourcesBuildPhase section */
		DE8AC0492D919846008DC5EB /* Resources */ = {
			isa = PBXResourcesBuildPhase;
			buildActionMask = 2147483647;
			files = (
			);
			runOnlyForDeploymentPostprocessing = 0;
		};
		DE8AC05F2D919847008DC5EB /* Resources */ = {
			isa = PBXResourcesBuildPhase;
			buildActionMask = 2147483647;
			files = (
			);
			runOnlyForDeploymentPostprocessing = 0;
		};
		DE8AC0692D919847008DC5EB /* Resources */ = {
			isa = PBXResourcesBuildPhase;
			buildActionMask = 2147483647;
			files = (
			);
			runOnlyForDeploymentPostprocessing = 0;
		};
/* End PBXResourcesBuildPhase section */

/* Begin PBXSourcesBuildPhase section */
		DE8AC0472D919846008DC5EB /* Sources */ = {
			isa = PBXSourcesBuildPhase;
			buildActionMask = 2147483647;
			files = (
			);
			runOnlyForDeploymentPostprocessing = 0;
		};
		DE8AC05D2D919847008DC5EB /* Sources */ = {
			isa = PBXSourcesBuildPhase;
			buildActionMask = 2147483647;
			files = (
			);
			runOnlyForDeploymentPostprocessing = 0;
		};
		DE8AC0672D919847008DC5EB /* Sources */ = {
			isa = PBXSourcesBuildPhase;
			buildActionMask = 2147483647;
			files = (
			);
			runOnlyForDeploymentPostprocessing = 0;
		};
/* End PBXSourcesBuildPhase section */

/* Begin PBXTargetDependency section */
		DE8AC0632D919847008DC5EB /* PBXTargetDependency */ = {
			isa = PBXTargetDependency;
			target = DE8AC04A2D919846008DC5EB /* TranslateGame */;
			targetProxy = DE8AC0622D919847008DC5EB /* PBXContainerItemProxy */;
		};
		DE8AC06D2D919847008DC5EB /* PBXTargetDependency */ = {
			isa = PBXTargetDependency;
			target = DE8AC04A2D919846008DC5EB /* TranslateGame */;
			targetProxy = DE8AC06C2D919847008DC5EB /* PBXContainerItemProxy */;
		};
/* End PBXTargetDependency section */

/* Begin XCBuildConfiguration section */
		DE8AC0752D919847008DC5EB /* Debug */ = {
			isa = XCBuildConfiguration;
			buildSettings = {
				ASSETCATALOG_COMPILER_APPICON_NAME = AppIcon;
				ASSETCATALOG_COMPILER_GLOBAL_ACCENT_COLOR_NAME = AccentColor;
				CODE_SIGN_STYLE = Automatic;
				CURRENT_PROJECT_VERSION = 1;
				DEVELOPMENT_TEAM = YF5Y75KKGT;
				GENERATE_INFOPLIST_FILE = YES;
				INFOPLIST_FILE = TranslateGame/Info.plist;
				INFOPLIST_KEY_UIApplicationSupportsIndirectInputEvents = YES;
				INFOPLIST_KEY_UILaunchStoryboardName = LaunchScreen;
				INFOPLIST_KEY_UIMainStoryboardFile = Main;
				INFOPLIST_KEY_UISupportedInterfaceOrientations_iPad = "UIInterfaceOrientationPortrait UIInterfaceOrientationPortraitUpsideDown UIInterfaceOrientationLandscapeLeft UIInterfaceOrientationLandscapeRight";
				INFOPLIST_KEY_UISupportedInterfaceOrientations_iPhone = "UIInterfaceOrientationPortrait UIInterfaceOrientationLandscapeLeft UIInterfaceOrientationLandscapeRight";
				LD_RUNPATH_SEARCH_PATHS = (
					"$(inherited)",
					"@executable_path/Frameworks",
				);
				MARKETING_VERSION = 1.0;
				PRODUCT_BUNDLE_IDENTIFIER = com.VictorSundberg.TranslateGame;
				PRODUCT_NAME = "$(TARGET_NAME)";
				SWIFT_EMIT_LOC_STRINGS = YES;
				SWIFT_VERSION = 5.0;
				TARGETED_DEVICE_FAMILY = "1,2";
			};
			name = Debug;
		};
		DE8AC0762D919847008DC5EB /* Release */ = {
			isa = XCBuildConfiguration;
			buildSettings = {
				ASSETCATALOG_COMPILER_APPICON_NAME = AppIcon;
				ASSETCATALOG_COMPILER_GLOBAL_ACCENT_COLOR_NAME = AccentColor;
				CODE_SIGN_STYLE = Automatic;
				CURRENT_PROJECT_VERSION = 1;
				DEVELOPMENT_TEAM = YF5Y75KKGT;
				GENERATE_INFOPLIST_FILE = YES;
				INFOPLIST_FILE = TranslateGame/Info.plist;
				INFOPLIST_KEY_UIApplicationSupportsIndirectInputEvents = YES;
				INFOPLIST_KEY_UILaunchStoryboardName = LaunchScreen;
				INFOPLIST_KEY_UIMainStoryboardFile = Main;
				INFOPLIST_KEY_UISupportedInterfaceOrientations_iPad = "UIInterfaceOrientationPortrait UIInterfaceOrientationPortraitUpsideDown UIInterfaceOrientationLandscapeLeft UIInterfaceOrientationLandscapeRight";
				INFOPLIST_KEY_UISupportedInterfaceOrientations_iPhone = "UIInterfaceOrientationPortrait UIInterfaceOrientationLandscapeLeft UIInterfaceOrientationLandscapeRight";
				LD_RUNPATH_SEARCH_PATHS = (
					"$(inherited)",
					"@executable_path/Frameworks",
				);
				MARKETING_VERSION = 1.0;
				PRODUCT_BUNDLE_IDENTIFIER = com.VictorSundberg.TranslateGame;
				PRODUCT_NAME = "$(TARGET_NAME)";
				SWIFT_EMIT_LOC_STRINGS = YES;
				SWIFT_VERSION = 5.0;
				TARGETED_DEVICE_FAMILY = "1,2";
			};
			name = Release;
		};
		DE8AC0772D919847008DC5EB /* Debug */ = {
			isa = XCBuildConfiguration;
			buildSettings = {
				ALWAYS_SEARCH_USER_PATHS = NO;
				ASSETCATALOG_COMPILER_GENERATE_SWIFT_ASSET_SYMBOL_EXTENSIONS = YES;
				CLANG_ANALYZER_NONNULL = YES;
				CLANG_ANALYZER_NUMBER_OBJECT_CONVERSION = YES_AGGRESSIVE;
				CLANG_CXX_LANGUAGE_STANDARD = "gnu++20";
				CLANG_ENABLE_MODULES = YES;
				CLANG_ENABLE_OBJC_ARC = YES;
				CLANG_ENABLE_OBJC_WEAK = YES;
				CLANG_WARN_BLOCK_CAPTURE_AUTORELEASING = YES;
				CLANG_WARN_BOOL_CONVERSION = YES;
				CLANG_WARN_COMMA = YES;
				CLANG_WARN_CONSTANT_CONVERSION = YES;
				CLANG_WARN_DEPRECATED_OBJC_IMPLEMENTATIONS = YES;
				CLANG_WARN_DIRECT_OBJC_ISA_USAGE = YES_ERROR;
				CLANG_WARN_DOCUMENTATION_COMMENTS = YES;
				CLANG_WARN_EMPTY_BODY = YES;
				CLANG_WARN_ENUM_CONVERSION = YES;
				CLANG_WARN_INFINITE_RECURSION = YES;
				CLANG_WARN_INT_CONVERSION = YES;
				CLANG_WARN_NON_LITERAL_NULL_CONVERSION = YES;
				CLANG_WARN_OBJC_IMPLICIT_RETAIN_SELF = YES;
				CLANG_WARN_OBJC_LITERAL_CONVERSION = YES;
				CLANG_WARN_OBJC_ROOT_CLASS = YES_ERROR;
				CLANG_WARN_QUOTED_INCLUDE_IN_FRAMEWORK_HEADER = YES;
				CLANG_WARN_RANGE_LOOP_ANALYSIS = YES;
				CLANG_WARN_STRICT_PROTOTYPES = YES;
				CLANG_WARN_SUSPICIOUS_MOVE = YES;
				CLANG_WARN_UNGUARDED_AVAILABILITY = YES_AGGRESSIVE;
				CLANG_WARN_UNREACHABLE_CODE = YES;
				CLANG_WARN__DUPLICATE_METHOD_MATCH = YES;
				COPY_PHASE_STRIP = NO;
				DEBUG_INFORMATION_FORMAT = dwarf;
				ENABLE_STRICT_OBJC_MSGSEND = YES;
				ENABLE_TESTABILITY = YES;
				ENABLE_USER_SCRIPT_SANDBOXING = YES;
				GCC_C_LANGUAGE_STANDARD = gnu17;
				GCC_DYNAMIC_NO_PIC = NO;
				GCC_NO_COMMON_BLOCKS = YES;
				GCC_OPTIMIZATION_LEVEL = 0;
				GCC_PREPROCESSOR_DEFINITIONS = (
					"DEBUG=1",
					"$(inherited)",
				);
				GCC_WARN_64_TO_32_BIT_CONVERSION = YES;
				GCC_WARN_ABOUT_RETURN_TYPE = YES_ERROR;
				GCC_WARN_UNDECLARED_SELECTOR = YES;
				GCC_WARN_UNINITIALIZED_AUTOS = YES_AGGRESSIVE;
				GCC_WARN_UNUSED_FUNCTION = YES;
				GCC_WARN_UNUSED_VARIABLE = YES;
				IPHONEOS_DEPLOYMENT_TARGET = 18.2;
				LOCALIZATION_PREFERS_STRING_CATALOGS = YES;
				MTL_ENABLE_DEBUG_INFO = INCLUDE_SOURCE;
				MTL_FAST_MATH = YES;
				ONLY_ACTIVE_ARCH = YES;
				SDKROOT = iphoneos;
				SWIFT_ACTIVE_COMPILATION_CONDITIONS = "DEBUG $(inherited)";
				SWIFT_OPTIMIZATION_LEVEL = "-Onone";
			};
			name = Debug;
		};
		DE8AC0782D919847008DC5EB /* Release */ = {
			isa = XCBuildConfiguration;
			buildSettings = {
				ALWAYS_SEARCH_USER_PATHS = NO;
				ASSETCATALOG_COMPILER_GENERATE_SWIFT_ASSET_SYMBOL_EXTENSIONS = YES;
				CLANG_ANALYZER_NONNULL = YES;
				CLANG_ANALYZER_NUMBER_OBJECT_CONVERSION = YES_AGGRESSIVE;
				CLANG_CXX_LANGUAGE_STANDARD = "gnu++20";
				CLANG_ENABLE_MODULES = YES;
				CLANG_ENABLE_OBJC_ARC = YES;
				CLANG_ENABLE_OBJC_WEAK = YES;
				CLANG_WARN_BLOCK_CAPTURE_AUTORELEASING = YES;
				CLANG_WARN_BOOL_CONVERSION = YES;
				CLANG_WARN_COMMA = YES;
				CLANG_WARN_CONSTANT_CONVERSION = YES;
				CLANG_WARN_DEPRECATED_OBJC_IMPLEMENTATIONS = YES;
				CLANG_WARN_DIRECT_OBJC_ISA_USAGE = YES_ERROR;
				CLANG_WARN_DOCUMENTATION_COMMENTS = YES;
				CLANG_WARN_EMPTY_BODY = YES;
				CLANG_WARN_ENUM_CONVERSION = YES;
				CLANG_WARN_INFINITE_RECURSION = YES;
				CLANG_WARN_INT_CONVERSION = YES;
				CLANG_WARN_NON_LITERAL_NULL_CONVERSION = YES;
				CLANG_WARN_OBJC_IMPLICIT_RETAIN_SELF = YES;
				CLANG_WARN_OBJC_LITERAL_CONVERSION = YES;
				CLANG_WARN_OBJC_ROOT_CLASS = YES_ERROR;
				CLANG_WARN_QUOTED_INCLUDE_IN_FRAMEWORK_HEADER = YES;
				CLANG_WARN_RANGE_LOOP_ANALYSIS = YES;
				CLANG_WARN_STRICT_PROTOTYPES = YES;
				CLANG_WARN_SUSPICIOUS_MOVE = YES;
				CLANG_WARN_UNGUARDED_AVAILABILITY = YES_AGGRESSIVE;
				CLANG_WARN_UNREACHABLE_CODE = YES;
				CLANG_WARN__DUPLICATE_METHOD_MATCH = YES;
				COPY_PHASE_STRIP = NO;
				DEBUG_INFORMATION_FORMAT = "dwarf-with-dsym";
				ENABLE_NS_ASSERTIONS = NO;
				ENABLE_STRICT_OBJC_MSGSEND = YES;
				ENABLE_USER_SCRIPT_SANDBOXING = YES;
				GCC_C_LANGUAGE_STANDARD = gnu17;
				GCC_NO_COMMON_BLOCKS = YES;
				GCC_WARN_64_TO_32_BIT_CONVERSION = YES;
				GCC_WARN_ABOUT_RETURN_TYPE = YES_ERROR;
				GCC_WARN_UNDECLARED_SELECTOR = YES;
				GCC_WARN_UNINITIALIZED_AUTOS = YES_AGGRESSIVE;
				GCC_WARN_UNUSED_FUNCTION = YES;
				GCC_WARN_UNUSED_VARIABLE = YES;
				IPHONEOS_DEPLOYMENT_TARGET = 18.2;
				LOCALIZATION_PREFERS_STRING_CATALOGS = YES;
				MTL_ENABLE_DEBUG_INFO = NO;
				MTL_FAST_MATH = YES;
				SDKROOT = iphoneos;
				SWIFT_COMPILATION_MODE = wholemodule;
				VALIDATE_PRODUCT = YES;
			};
			name = Release;
		};
		DE8AC07A2D919847008DC5EB /* Debug */ = {
			isa = XCBuildConfiguration;
			buildSettings = {
				BUNDLE_LOADER = "$(TEST_HOST)";
				CODE_SIGN_STYLE = Automatic;
				CURRENT_PROJECT_VERSION = 1;
				DEVELOPMENT_TEAM = YF5Y75KKGT;
				GENERATE_INFOPLIST_FILE = YES;
				IPHONEOS_DEPLOYMENT_TARGET = 18.2;
				MARKETING_VERSION = 1.0;
				PRODUCT_BUNDLE_IDENTIFIER = com.VictorSundberg.TranslateGameTests;
				PRODUCT_NAME = "$(TARGET_NAME)";
				SWIFT_EMIT_LOC_STRINGS = NO;
				SWIFT_VERSION = 5.0;
				TARGETED_DEVICE_FAMILY = "1,2";
				TEST_HOST = "$(BUILT_PRODUCTS_DIR)/TranslateGame.app/$(BUNDLE_EXECUTABLE_FOLDER_PATH)/TranslateGame";
			};
			name = Debug;
		};
		DE8AC07B2D919847008DC5EB /* Release */ = {
			isa = XCBuildConfiguration;
			buildSettings = {
				BUNDLE_LOADER = "$(TEST_HOST)";
				CODE_SIGN_STYLE = Automatic;
				CURRENT_PROJECT_VERSION = 1;
				DEVELOPMENT_TEAM = YF5Y75KKGT;
				GENERATE_INFOPLIST_FILE = YES;
				IPHONEOS_DEPLOYMENT_TARGET = 18.2;
				MARKETING_VERSION = 1.0;
				PRODUCT_BUNDLE_IDENTIFIER = com.VictorSundberg.TranslateGameTests;
				PRODUCT_NAME = "$(TARGET_NAME)";
				SWIFT_EMIT_LOC_STRINGS = NO;
				SWIFT_VERSION = 5.0;
				TARGETED_DEVICE_FAMILY = "1,2";
				TEST_HOST = "$(BUILT_PRODUCTS_DIR)/TranslateGame.app/$(BUNDLE_EXECUTABLE_FOLDER_PATH)/TranslateGame";
			};
			name = Release;
		};
		DE8AC07D2D919847008DC5EB /* Debug */ = {
			isa = XCBuildConfiguration;
			buildSettings = {
				CODE_SIGN_STYLE = Automatic;
				CURRENT_PROJECT_VERSION = 1;
				DEVELOPMENT_TEAM = YF5Y75KKGT;
				GENERATE_INFOPLIST_FILE = YES;
				MARKETING_VERSION = 1.0;
				PRODUCT_BUNDLE_IDENTIFIER = com.VictorSundberg.TranslateGameUITests;
				PRODUCT_NAME = "$(TARGET_NAME)";
				SWIFT_EMIT_LOC_STRINGS = NO;
				SWIFT_VERSION = 5.0;
				TARGETED_DEVICE_FAMILY = "1,2";
				TEST_TARGET_NAME = TranslateGame;
			};
			name = Debug;
		};
		DE8AC07E2D919847008DC5EB /* Release */ = {
			isa = XCBuildConfiguration;
			buildSettings = {
				CODE_SIGN_STYLE = Automatic;
				CURRENT_PROJECT_VERSION = 1;
				DEVELOPMENT_TEAM = YF5Y75KKGT;
				GENERATE_INFOPLIST_FILE = YES;
				MARKETING_VERSION = 1.0;
				PRODUCT_BUNDLE_IDENTIFIER = com.VictorSundberg.TranslateGameUITests;
				PRODUCT_NAME = "$(TARGET_NAME)";
				SWIFT_EMIT_LOC_STRINGS = NO;
				SWIFT_VERSION = 5.0;
				TARGETED_DEVICE_FAMILY = "1,2";
				TEST_TARGET_NAME = TranslateGame;
			};
			name = Release;
		};
/* End XCBuildConfiguration section */

/* Begin XCConfigurationList section */
		DE8AC0462D919846008DC5EB /* Build configuration list for PBXProject "TranslateGame" */ = {
			isa = XCConfigurationList;
			buildConfigurations = (
				DE8AC0772D919847008DC5EB /* Debug */,
				DE8AC0782D919847008DC5EB /* Release */,
			);
			defaultConfigurationIsVisible = 0;
			defaultConfigurationName = Release;
		};
		DE8AC0742D919847008DC5EB /* Build configuration list for PBXNativeTarget "TranslateGame" */ = {
			isa = XCConfigurationList;
			buildConfigurations = (
				DE8AC0752D919847008DC5EB /* Debug */,
				DE8AC0762D919847008DC5EB /* Release */,
			);
			defaultConfigurationIsVisible = 0;
			defaultConfigurationName = Release;
		};
		DE8AC0792D919847008DC5EB /* Build configuration list for PBXNativeTarget "TranslateGameTests" */ = {
			isa = XCConfigurationList;
			buildConfigurations = (
				DE8AC07A2D919847008DC5EB /* Debug */,
				DE8AC07B2D919847008DC5EB /* Release */,
			);
			defaultConfigurationIsVisible = 0;
			defaultConfigurationName = Release;
		};
		DE8AC07C2D919847008DC5EB /* Build configuration list for PBXNativeTarget "TranslateGameUITests" */ = {
			isa = XCConfigurationList;
			buildConfigurations = (
				DE8AC07D2D919847008DC5EB /* Debug */,
				DE8AC07E2D919847008DC5EB /* Release */,
			);
			defaultConfigurationIsVisible = 0;
			defaultConfigurationName = Release;
		};
/* End XCConfigurationList section */
	};
	rootObject = DE8AC0432D919846008DC5EB /* Project object */;
}
